github.com/cihub/seelog v0.0.0-20170130134532-f561c5e57575 h1:kHaBemcxl8o/pQ5VM1c8PVE1PubbNx3mjUr09OqWGCs=
github.com/cihub/seelog v0.0.0-20170130134532-f561c5e57575/go.mod h1:9d6lWj8KzO/fd/NrVaLscBKmPigpZpn5YawRPw+e3Yo=
github.com/dablelv/go-huge-util v0.0.44 h1:h8XDNFtl7waDFBrZt5Uf+dQ7fbdxu9NCw54cMamnBDM=
github.com/dablelv/go-huge-util v0.0.44/go.mod h1:vPLtz7PQSbpsRP3K+uu8w0YwpSFte3EV2PqWaPw6KY4=
